
Microsoft Visual Studio Solution File, Format Version 12.00
# Visual Studio Version 16
VisualStudioVersion = 16.0.30804.86
MinimumVisualStudioVersion = 10.0.40219.1
Project("{FAE04EC0-301F-11D3-BF4B-00C04F79EFBC}") = "Map", "Map\Map.csproj", "{629EFDB5-BCCE-49C0-9A0E-CF6370C7447B}"
EndProject
Global
	GlobalSection(SolutionConfigurationPlatforms) = preSolution
		Debug|Any CPU = Debug|Any CPU
		Release|Any CPU = Release|Any CPU
	EndGlobalSection
	GlobalSection(ProjectConfigurationPlatforms) = postSolution
		{629EFDB5-BCCE-49C0-9A0E-CF6370C7447B}.Debug|Any CPU.ActiveCfg = Debug|Any CPU
		{629EFDB5-BCCE-49C0-9A0E-CF6370C7447B}.Debug|Any CPU.Build.0 = Debug|Any CPU
		{629EFDB5-BCCE-49C0-9A0E-CF6370C7447B}.Release|Any CPU.ActiveCfg = Release|Any CPU
		{629EFDB5-BCCE-49C0-9A0E-CF6370C7447B}.Release|Any CPU.Build.0 = Release|Any CPU
	EndGlobalSection
	GlobalSection(SolutionProperties) = preSolution
		HideSolutionNode = FALSE
	EndGlobalSection
	GlobalSection(ExtensibilityGlobals) = postSolution
		SolutionGuid = {2B2701F3-4C07-4F6B-8DF6-E66AF253A7FB}
	EndGlobalSection
EndGlobal
